
Microsoft Visual Studio Solution File, Format Version 12.00
# Visual Studio 14
VisualStudioVersion = 14.0.25420.1
MinimumVisualStudioVersion = 10.0.40219.1
Project("{F184B08F-C81C-45F6-A57F-5ABD9991F28F}") = "ARIAKA.ImpresionEtiquetas", "ARIAKA.ImpresionEtiquetas\ARIAKA.ImpresionEtiquetas.vbproj", "{7F280879-17C0-4C5E-A457-BC3A88F38703}"
EndProject
Project("{F184B08F-C81C-45F6-A57F-5ABD9991F28F}") = "ARIAKA.ImpresionEtiquetas.Win", "ARIAKA.ImpresionEtiquetas.Win\ARIAKA.ImpresionEtiquetas.Win.vbproj", "{CF7F8DB5-B0C5-481A-9E32-811C037CE3E6}"
EndProject
Global
	GlobalSection(SolutionConfigurationPlatforms) = preSolution
		Debug|Any CPU = Debug|Any CPU
		Release|Any CPU = Release|Any CPU
	EndGlobalSection
	GlobalSection(ProjectConfigurationPlatforms) = postSolution
		{7F280879-17C0-4C5E-A457-BC3A88F38703}.Debug|Any CPU.ActiveCfg = Debug|Any CPU
		{7F280879-17C0-4C5E-A457-BC3A88F38703}.Debug|Any CPU.Build.0 = Debug|Any CPU
		{7F280879-17C0-4C5E-A457-BC3A88F38703}.Release|Any CPU.ActiveCfg = Release|Any CPU
		{7F280879-17C0-4C5E-A457-BC3A88F38703}.Release|Any CPU.Build.0 = Release|Any CPU
		{CF7F8DB5-B0C5-481A-9E32-811C037CE3E6}.Debug|Any CPU.ActiveCfg = Debug|Any CPU
		{CF7F8DB5-B0C5-481A-9E32-811C037CE3E6}.Debug|Any CPU.Build.0 = Debug|Any CPU
		{CF7F8DB5-B0C5-481A-9E32-811C037CE3E6}.Release|Any CPU.ActiveCfg = Release|Any CPU
		{CF7F8DB5-B0C5-481A-9E32-811C037CE3E6}.Release|Any CPU.Build.0 = Release|Any CPU
	EndGlobalSection
	GlobalSection(SolutionProperties) = preSolution
		HideSolutionNode = FALSE
	EndGlobalSection
EndGlobal
